{
  "requires": true,
  "lockfileVersion": 1,
  "dependencies": {
    "@angular/animations": {
      "version": "9.1.1",
      "resolved": "https://registry.npmjs.org/@angular/animations/-/animations-9.1.1.tgz",
      "integrity": "sha512-IvKv8sV0ymbzDEX2ZLW+F6nOTQqDYallHexuzRVT9txvNE8TNHyySvLcyC5dTmX9fj9LA72NZ6nFyhxq0LFvtQ=="
    },
    "@angular/cdk": {
      "version": "9.2.0",
      "resolved": "https://registry.npmjs.org/@angular/cdk/-/cdk-9.2.0.tgz",
      "integrity": "sha512-jeeznvNDpR9POuxzz8Y0zFvMynG9HCJo3ZPTqOjlOq8Lj8876+rLsHDvKEMeLdwlkdi1EweYJW1CLQzI+TwqDA==",
      "requires": {
        "parse5": "^5.0.0"
      }
    },
    "@angular/material": {
      "version": "9.2.0",
      "resolved": "https://registry.npmjs.org/@angular/material/-/material-9.2.0.tgz",
      "integrity": "sha512-KKzEIVh6/m56m+Ao8p4PK0SyEr0574l3VP2swj1qPag3u+FYgemmXCGTaChrKdDsez+zeTCPXImBGXzE6NQ80Q=="
    },
    "parse5": {
      "version": "5.1.1",
      "resolved": "https://registry.npmjs.org/parse5/-/parse5-5.1.1.tgz",
      "integrity": "sha512-ugq4DFI0Ptb+WWjAdOK16+u/nHfiIrcE+sh8kZMaM0WllQKLI9rOUq6c2b7cwPkXdzfQESqvoqK6ug7U/Yyzug=="
    }
  }
}
